
Microsoft Visual Studio Solution File, Format Version 12.00
# Visual Studio 14
VisualStudioVersion = 14.0.24720.0
MinimumVisualStudioVersion = 10.0.40219.1
Project("{FAE04EC0-301F-11D3-BF4B-00C04F79EFBC}") = "WebDeveloper", "WebDeveloper\WebDeveloper.csproj", "{A116F29E-163C-4C0D-9296-55985F2BE3C4}"
EndProject
Project("{FAE04EC0-301F-11D3-BF4B-00C04F79EFBC}") = "WebDeveloper.Model", "WebDeveloper.Model\WebDeveloper.Model.csproj", "{71BB6573-6270-4B97-B0AB-7A8DE7E40959}"
EndProject
Project("{FAE04EC0-301F-11D3-BF4B-00C04F79EFBC}") = "WebDeveloper.DataAccess", "WebDeveloper.DataAccess\WebDeveloper.DataAccess.csproj", "{0BC71DC6-7FB8-46CA-96DD-7125BE2C333B}"
EndProject
Project("{FAE04EC0-301F-11D3-BF4B-00C04F79EFBC}") = "WebDeveloper.Resources", "WebDeveloper.Resources\WebDeveloper.Resources.csproj", "{5CCCB2DD-B763-44C3-8BD0-DABFB715D227}"
EndProject
Global
	GlobalSection(SolutionConfigurationPlatforms) = preSolution
		Debug|Any CPU = Debug|Any CPU
		Release|Any CPU = Release|Any CPU
	EndGlobalSection
	GlobalSection(ProjectConfigurationPlatforms) = postSolution
		{A116F29E-163C-4C0D-9296-55985F2BE3C4}.Debug|Any CPU.ActiveCfg = Debug|Any CPU
		{A116F29E-163C-4C0D-9296-55985F2BE3C4}.Debug|Any CPU.Build.0 = Debug|Any CPU
		{A116F29E-163C-4C0D-9296-55985F2BE3C4}.Release|Any CPU.ActiveCfg = Release|Any CPU
		{A116F29E-163C-4C0D-9296-55985F2BE3C4}.Release|Any CPU.Build.0 = Release|Any CPU
		{71BB6573-6270-4B97-B0AB-7A8DE7E40959}.Debug|Any CPU.ActiveCfg = Debug|Any CPU
		{71BB6573-6270-4B97-B0AB-7A8DE7E40959}.Debug|Any CPU.Build.0 = Debug|Any CPU
		{71BB6573-6270-4B97-B0AB-7A8DE7E40959}.Release|Any CPU.ActiveCfg = Release|Any CPU
		{71BB6573-6270-4B97-B0AB-7A8DE7E40959}.Release|Any CPU.Build.0 = Release|Any CPU
		{0BC71DC6-7FB8-46CA-96DD-7125BE2C333B}.Debug|Any CPU.ActiveCfg = Debug|Any CPU
		{0BC71DC6-7FB8-46CA-96DD-7125BE2C333B}.Debug|Any CPU.Build.0 = Debug|Any CPU
		{0BC71DC6-7FB8-46CA-96DD-7125BE2C333B}.Release|Any CPU.ActiveCfg = Release|Any CPU
		{0BC71DC6-7FB8-46CA-96DD-7125BE2C333B}.Release|Any CPU.Build.0 = Release|Any CPU
		{5CCCB2DD-B763-44C3-8BD0-DABFB715D227}.Debug|Any CPU.ActiveCfg = Debug|Any CPU
		{5CCCB2DD-B763-44C3-8BD0-DABFB715D227}.Debug|Any CPU.Build.0 = Debug|Any CPU
		{5CCCB2DD-B763-44C3-8BD0-DABFB715D227}.Release|Any CPU.ActiveCfg = Release|Any CPU
		{5CCCB2DD-B763-44C3-8BD0-DABFB715D227}.Release|Any CPU.Build.0 = Release|Any CPU
	EndGlobalSection
	GlobalSection(SolutionProperties) = preSolution
		HideSolutionNode = FALSE
	EndGlobalSection
EndGlobal
